
Microsoft Visual Studio Solution File, Format Version 12.00
# Visual Studio Version 17
VisualStudioVersion = 17.5.002.0
MinimumVisualStudioVersion = 10.0.40219.1
Project("{9A19103F-16F7-4668-BE54-9A1E7A4F7556}") = "EventsGQL", "EventsGQL.csproj", "{30FE53AB-E2A2-4A56-BA58-74EF0E83BABD}"
EndProject
Global
	GlobalSection(SolutionConfigurationPlatforms) = preSolution
		Debug|Any CPU = Debug|Any CPU
		Release|Any CPU = Release|Any CPU
	EndGlobalSection
	GlobalSection(ProjectConfigurationPlatforms) = postSolution
		{30FE53AB-E2A2-4A56-BA58-74EF0E83BABD}.Debug|Any CPU.ActiveCfg = Debug|Any CPU
		{30FE53AB-E2A2-4A56-BA58-74EF0E83BABD}.Debug|Any CPU.Build.0 = Debug|Any CPU
		{30FE53AB-E2A2-4A56-BA58-74EF0E83BABD}.Release|Any CPU.ActiveCfg = Release|Any CPU
		{30FE53AB-E2A2-4A56-BA58-74EF0E83BABD}.Release|Any CPU.Build.0 = Release|Any CPU
	EndGlobalSection
	GlobalSection(SolutionProperties) = preSolution
		HideSolutionNode = FALSE
	EndGlobalSection
	GlobalSection(ExtensibilityGlobals) = postSolution
		SolutionGuid = {610243C9-711A-401E-B9CB-74C16C5D2E3E}
	EndGlobalSection
EndGlobal
